
Microsoft Visual Studio Solution File, Format Version 12.00
# Visual Studio 15
VisualStudioVersion = 15.0.28010.2046
MinimumVisualStudioVersion = 10.0.40219.1
Project("{FAE04EC0-301F-11D3-BF4B-00C04F79EFBC}") = "DataBaseTools.UI", "DataBaseTools.UI\DataBaseTools.UI.csproj", "{323F3297-8E2E-4085-ADE5-94CCD9DF28D5}"
EndProject
Project("{FAE04EC0-301F-11D3-BF4B-00C04F79EFBC}") = "DataBaseTools.Common", "DataBaseTools.Common\DataBaseTools.Common.csproj", "{2EC42CC2-E91E-4E2F-9071-A2F91673DE09}"
EndProject
Project("{FAE04EC0-301F-11D3-BF4B-00C04F79EFBC}") = "DataBaseTools.Model", "DataBaseTools.Model\DataBaseTools.Model.csproj", "{F5342815-5C49-4F1A-96F6-8118422995F9}"
EndProject
Global
	GlobalSection(SolutionConfigurationPlatforms) = preSolution
		Debug|Any CPU = Debug|Any CPU
		Release|Any CPU = Release|Any CPU
	EndGlobalSection
	GlobalSection(ProjectConfigurationPlatforms) = postSolution
		{323F3297-8E2E-4085-ADE5-94CCD9DF28D5}.Debug|Any CPU.ActiveCfg = Debug|Any CPU
		{323F3297-8E2E-4085-ADE5-94CCD9DF28D5}.Debug|Any CPU.Build.0 = Debug|Any CPU
		{323F3297-8E2E-4085-ADE5-94CCD9DF28D5}.Release|Any CPU.ActiveCfg = Release|Any CPU
		{323F3297-8E2E-4085-ADE5-94CCD9DF28D5}.Release|Any CPU.Build.0 = Release|Any CPU
		{2EC42CC2-E91E-4E2F-9071-A2F91673DE09}.Debug|Any CPU.ActiveCfg = Debug|Any CPU
		{2EC42CC2-E91E-4E2F-9071-A2F91673DE09}.Debug|Any CPU.Build.0 = Debug|Any CPU
		{2EC42CC2-E91E-4E2F-9071-A2F91673DE09}.Release|Any CPU.ActiveCfg = Release|Any CPU
		{2EC42CC2-E91E-4E2F-9071-A2F91673DE09}.Release|Any CPU.Build.0 = Release|Any CPU
		{F5342815-5C49-4F1A-96F6-8118422995F9}.Debug|Any CPU.ActiveCfg = Debug|Any CPU
		{F5342815-5C49-4F1A-96F6-8118422995F9}.Debug|Any CPU.Build.0 = Debug|Any CPU
		{F5342815-5C49-4F1A-96F6-8118422995F9}.Release|Any CPU.ActiveCfg = Release|Any CPU
		{F5342815-5C49-4F1A-96F6-8118422995F9}.Release|Any CPU.Build.0 = Release|Any CPU
	EndGlobalSection
	GlobalSection(SolutionProperties) = preSolution
		HideSolutionNode = FALSE
	EndGlobalSection
	GlobalSection(ExtensibilityGlobals) = postSolution
		SolutionGuid = {928EA794-208E-467D-9216-F13F5C55B15F}
	EndGlobalSection
EndGlobal
